{
  "name": "rotblocker-plusplus",
  "version": "1.1.0",
  "lockfileVersion": 3,
  "requires": true,
  "packages": {
    "": {
      "name": "rotblocker-plusplus",
      "version": "1.1.0",
      "dependencies": {
        "katex": "^0.16.28",
        "mathjax": "^3.2.2"
      }
    },
    "node_modules/commander": {
      "version": "8.3.0",
      "resolved": "https://registry.npmjs.org/commander/-/commander-8.3.0.tgz",
      "integrity": "sha512-OkTL9umf+He2DZkUq8f8J9of7yL6RJKI24dVITBmNfZBmri9zYZQrKkuXiKhyfPSu8tUhnVBB1iKXevvnlR4Ww==",
      "license": "MIT",
      "engines": {
        "node": ">= 12"
      }
    },
    "node_modules/katex": {
      "version": "0.16.28",
      "resolved": "https://registry.npmjs.org/katex/-/katex-0.16.28.tgz",
      "integrity": "sha512-YHzO7721WbmAL6Ov1uzN/l5mY5WWWhJBSW+jq4tkfZfsxmo1hu6frS0EOswvjBUnWE6NtjEs48SFn5CQESRLZg==",
      "funding": [
        "https://opencollective.com/katex",
        "https://github.com/sponsors/katex"
      ],
      "license": "MIT",
      "dependencies": {
        "commander": "^8.3.0"
      },
      "bin": {
        "katex": "cli.js"
      }
    },
    "node_modules/mathjax": {
      "version": "3.2.2",
      "resolved": "https://registry.npmjs.org/mathjax/-/mathjax-3.2.2.tgz",
      "integrity": "sha512-Bt+SSVU8eBG27zChVewOicYs7Xsdt40qm4+UpHyX7k0/O9NliPc+x77k1/FEsPsjKPZGJvtRZM1vO+geW0OhGw==",
      "license": "Apache-2.0"
    }
  }
}
